{
  "name": "miniprogram",
  "version": "1.0.0",
  "lockfileVersion": 1,
  "requires": true,
  "dependencies": {
    "@miniprogram-component-plus/col": {
      "version": "1.0.0",
      "resolved": "https://registry.npm.taobao.org/@miniprogram-component-plus/col/download/@miniprogram-component-plus/col-1.0.0.tgz",
      "integrity": "sha1-vecq4BKjmVO18FgBtSNbJZ7aTls="
    },
    "@miniprogram-component-plus/emoji": {
      "version": "1.0.1",
      "resolved": "https://registry.npm.taobao.org/@miniprogram-component-plus/emoji/download/@miniprogram-component-plus/emoji-1.0.1.tgz",
      "integrity": "sha1-rq+4CrIMNYoa7fTPkHKaj0dhnw0="
    },
    "@miniprogram-component-plus/index-list": {
      "version": "1.0.0",
      "resolved": "https://registry.npm.taobao.org/@miniprogram-component-plus/index-list/download/@miniprogram-component-plus/index-list-1.0.0.tgz",
      "integrity": "sha1-IYKQfGRxfna2HPKzaR4wKASkXq0="
    },
    "@miniprogram-component-plus/row": {
      "version": "1.0.0",
      "resolved": "https://registry.npm.taobao.org/@miniprogram-component-plus/row/download/@miniprogram-component-plus/row-1.0.0.tgz",
      "integrity": "sha1-I2oQ8zZOsKHWMcc1yV2c1Oq1KxY="
    },
    "@miniprogram-component-plus/select-text": {
      "version": "1.0.1",
      "resolved": "https://registry.nlark.com/@miniprogram-component-plus/select-text/download/@miniprogram-component-plus/select-text-1.0.1.tgz",
      "integrity": "sha1-y3hnsbKsU0Tx5GNVZ47eBw48dkY="
    },
    "@miniprogram-component-plus/sticky": {
      "version": "1.0.1",
      "resolved": "https://registry.npm.taobao.org/@miniprogram-component-plus/sticky/download/@miniprogram-component-plus/sticky-1.0.1.tgz",
      "integrity": "sha1-MsQJjCqYQi2hyLj+v6Odbs/PhHw="
    },
    "@miniprogram-component-plus/tabs": {
      "version": "1.0.0",
      "resolved": "https://registry.npm.taobao.org/@miniprogram-component-plus/tabs/download/@miniprogram-component-plus/tabs-1.0.0.tgz",
      "integrity": "sha1-y/a04858SsiteQqES0BxVfB9ntc="
    },
    "@miniprogram-component-plus/video-swiper": {
      "version": "1.0.1",
      "resolved": "https://registry.npm.taobao.org/@miniprogram-component-plus/video-swiper/download/@miniprogram-component-plus/video-swiper-1.0.1.tgz",
      "integrity": "sha1-z1RpfGRm/AF/4MTNFfndFbx2JqU="
    },
    "@miniprogram-component-plus/vtabs": {
      "version": "1.0.0",
      "resolved": "https://registry.npm.taobao.org/@miniprogram-component-plus/vtabs/download/@miniprogram-component-plus/vtabs-1.0.0.tgz",
      "integrity": "sha1-xv4jK88WEI4CCJ/Nk0wHkYO9dkg="
    },
    "@miniprogram-component-plus/vtabs-content": {
      "version": "1.0.0",
      "resolved": "https://registry.nlark.com/@miniprogram-component-plus/vtabs-content/download/@miniprogram-component-plus/vtabs-content-1.0.0.tgz",
      "integrity": "sha1-nWRnPOaWtq4Ny+hR1v5ZY3nlSiw="
    },
    "eventemitter3": {
      "version": "4.0.7",
      "resolved": "https://registry.npm.taobao.org/eventemitter3/download/eventemitter3-4.0.7.tgz?cache=0&sync_timestamp=1598517861314&other_urls=https%3A%2F%2Fregistry.npm.taobao.org%2Feventemitter3%2Fdownload%2Feventemitter3-4.0.7.tgz",
      "integrity": "sha1-Lem2j2Uo1WRO9cWVJqG0oHMGFp8="
    },
    "miniprogram-barrage": {
      "version": "1.1.1",
      "resolved": "https://registry.npm.taobao.org/miniprogram-barrage/download/miniprogram-barrage-1.1.1.tgz",
      "integrity": "sha1-jWu7msySngP1XAugV4cQe2vIwy4="
    },
    "miniprogram-recycle-view": {
      "version": "0.1.5",
      "resolved": "https://registry.npm.taobao.org/miniprogram-recycle-view/download/miniprogram-recycle-view-0.1.5.tgz",
      "integrity": "sha1-hUwv4N9jwhZfc5yOBEaqNapsfXg="
    },
    "widget-ui": {
      "version": "1.0.2",
      "resolved": "https://registry.npm.taobao.org/widget-ui/download/widget-ui-1.0.2.tgz",
      "integrity": "sha1-1lpWC5Fzn70Op8L18tKP5MATJHA=",
      "requires": {
        "eventemitter3": "^4.0.0"
      }
    },
    "wxml-to-canvas": {
      "version": "1.1.1",
      "resolved": "https://registry.npm.taobao.org/wxml-to-canvas/download/wxml-to-canvas-1.1.1.tgz",
      "integrity": "sha1-ZHcUc/seJRva2U+Mb/p91kKQ58o=",
      "requires": {
        "widget-ui": "^1.0.2"
      }
    }
  }
}
